
Microsoft Visual Studio Solution File, Format Version 12.00
Project("{2150E333-8FDC-42A3-9474-1A3956D46DE8}") = "Solution Items", "Solution Items", "{5EC7A540-5858-4C0A-A0CE-ABCB3D48AFEB}"
	ProjectSection(SolutionItems) = preProject
		global.json = global.json
		nuget.config = nuget.config
		Directory.Build.props = Directory.Build.props
		Directory.Packages.props = Directory.Packages.props
	EndProjectSection
EndProject
Project("{FAE04EC0-301F-11D3-BF4B-00C04F79EFBC}") = "AddressValidation", "src\AddressValidation\AddressValidation.csproj", "{64B9D329-F983-49D5-A73F-C5EA8B1F16A9}"
EndProject
Project("{FAE04EC0-301F-11D3-BF4B-00C04F79EFBC}") = "AddressValidation.Abstractions", "src\AddressValidation.Abstractions\AddressValidation.Abstractions.csproj", "{0FE11DEC-98E1-4583-A794-D4010D226537}"
EndProject
Project("{2150E333-8FDC-42A3-9474-1A3956D46DE8}") = "01. Foundation", "01. Foundation", "{7EF92B20-2457-4E9A-AF09-610675F68F62}"
EndProject
Project("{2150E333-8FDC-42A3-9474-1A3956D46DE8}") = "02. Integrations", "02. Integrations", "{458D4B81-3659-4CDC-82E6-F0AC7DA1383D}"
EndProject
Project("{FAE04EC0-301F-11D3-BF4B-00C04F79EFBC}") = "AddressValidation.Google", "src\AddressValidation.Google\AddressValidation.Google.csproj", "{5BECB362-2B3C-454E-BA26-F3287B237223}"
EndProject
Project("{2150E333-8FDC-42A3-9474-1A3956D46DE8}") = ".github", ".github", "{5FDF21B9-CFE1-4180-A903-A202BD8F2CDF}"
	ProjectSection(SolutionItems) = preProject
		.github\dependabot.yml = .github\dependabot.yml
	EndProjectSection
EndProject
Global
	GlobalSection(SolutionConfigurationPlatforms) = preSolution
		Debug|Any CPU = Debug|Any CPU
		Release|Any CPU = Release|Any CPU
	EndGlobalSection
	GlobalSection(ProjectConfigurationPlatforms) = postSolution
		{64B9D329-F983-49D5-A73F-C5EA8B1F16A9}.Debug|Any CPU.ActiveCfg = Debug|Any CPU
		{64B9D329-F983-49D5-A73F-C5EA8B1F16A9}.Debug|Any CPU.Build.0 = Debug|Any CPU
		{64B9D329-F983-49D5-A73F-C5EA8B1F16A9}.Release|Any CPU.ActiveCfg = Release|Any CPU
		{64B9D329-F983-49D5-A73F-C5EA8B1F16A9}.Release|Any CPU.Build.0 = Release|Any CPU
		{0FE11DEC-98E1-4583-A794-D4010D226537}.Debug|Any CPU.ActiveCfg = Debug|Any CPU
		{0FE11DEC-98E1-4583-A794-D4010D226537}.Debug|Any CPU.Build.0 = Debug|Any CPU
		{0FE11DEC-98E1-4583-A794-D4010D226537}.Release|Any CPU.ActiveCfg = Release|Any CPU
		{0FE11DEC-98E1-4583-A794-D4010D226537}.Release|Any CPU.Build.0 = Release|Any CPU
		{5BECB362-2B3C-454E-BA26-F3287B237223}.Debug|Any CPU.ActiveCfg = Debug|Any CPU
		{5BECB362-2B3C-454E-BA26-F3287B237223}.Debug|Any CPU.Build.0 = Debug|Any CPU
		{5BECB362-2B3C-454E-BA26-F3287B237223}.Release|Any CPU.ActiveCfg = Release|Any CPU
		{5BECB362-2B3C-454E-BA26-F3287B237223}.Release|Any CPU.Build.0 = Release|Any CPU
	EndGlobalSection
	GlobalSection(NestedProjects) = preSolution
		{64B9D329-F983-49D5-A73F-C5EA8B1F16A9} = {7EF92B20-2457-4E9A-AF09-610675F68F62}
		{0FE11DEC-98E1-4583-A794-D4010D226537} = {7EF92B20-2457-4E9A-AF09-610675F68F62}
		{5BECB362-2B3C-454E-BA26-F3287B237223} = {458D4B81-3659-4CDC-82E6-F0AC7DA1383D}
		{5FDF21B9-CFE1-4180-A903-A202BD8F2CDF} = {5EC7A540-5858-4C0A-A0CE-ABCB3D48AFEB}
	EndGlobalSection
EndGlobal
