{
  "version": 2,
  "dependencies": {
    "net8.0": {
      "FluentValidation": {
        "type": "Direct",
        "requested": "[11.9.1, )",
        "resolved": "11.9.1",
        "contentHash": "C+PqISSMdlOZZJx0Hx25atW32tv4vbpsaiQB+PLjK+ZGLzOFuHl1fUJ3Lny77mIZ31ZtYtNG0JgUjxa3wwLsWg=="
      },
      "Microsoft.CodeAnalysis.NetAnalyzers": {
        "type": "Direct",
        "requested": "[8.0.0, )",
        "resolved": "8.0.0",
        "contentHash": "DxiTgkCl3CGq1rYmBX2wjY7XGbxiBdL4J+/AJIAFLKy5z70NxhnVRnPghnicXZ8oF6JKVXlW3xwznRbI3ioEKg=="
      }
    }
  }
}